
Microsoft Visual Studio Solution File, Format Version 12.00
# Visual Studio Version 16
VisualStudioVersion = 16.0.30711.63
MinimumVisualStudioVersion = 10.0.40219.1
Project("{FAE04EC0-301F-11D3-BF4B-00C04F79EFBC}") = "Ethernet Communication", "Ethernet Communication\Ethernet Communication.csproj", "{08C80E18-D727-42E1-9D34-69884B2FE11C}"
EndProject
Global
	GlobalSection(SolutionConfigurationPlatforms) = preSolution
		Debug|Any CPU = Debug|Any CPU
		Release|Any CPU = Release|Any CPU
	EndGlobalSection
	GlobalSection(ProjectConfigurationPlatforms) = postSolution
		{08C80E18-D727-42E1-9D34-69884B2FE11C}.Debug|Any CPU.ActiveCfg = Debug|Any CPU
		{08C80E18-D727-42E1-9D34-69884B2FE11C}.Debug|Any CPU.Build.0 = Debug|Any CPU
		{08C80E18-D727-42E1-9D34-69884B2FE11C}.Release|Any CPU.ActiveCfg = Release|Any CPU
		{08C80E18-D727-42E1-9D34-69884B2FE11C}.Release|Any CPU.Build.0 = Release|Any CPU
	EndGlobalSection
	GlobalSection(SolutionProperties) = preSolution
		HideSolutionNode = FALSE
	EndGlobalSection
	GlobalSection(ExtensibilityGlobals) = postSolution
		SolutionGuid = {E4AD0518-1DF1-4457-B42F-5E6D06B57D84}
	EndGlobalSection
EndGlobal
