
Microsoft Visual Studio Solution File, Format Version 12.00
# Visual Studio Version 16
VisualStudioVersion = 16.0.30711.63
MinimumVisualStudioVersion = 10.0.40219.1
Project("{FAE04EC0-301F-11D3-BF4B-00C04F79EFBC}") = "VS2019_获取文件类型", "VS2019_获取文件类型.csproj", "{517887B0-0390-4608-94B2-9B2C8C791104}"
EndProject
Global
	GlobalSection(SolutionConfigurationPlatforms) = preSolution
		Debug|Any CPU = Debug|Any CPU
		Release|Any CPU = Release|Any CPU
	EndGlobalSection
	GlobalSection(ProjectConfigurationPlatforms) = postSolution
		{517887B0-0390-4608-94B2-9B2C8C791104}.Debug|Any CPU.ActiveCfg = Debug|Any CPU
		{517887B0-0390-4608-94B2-9B2C8C791104}.Debug|Any CPU.Build.0 = Debug|Any CPU
		{517887B0-0390-4608-94B2-9B2C8C791104}.Release|Any CPU.ActiveCfg = Release|Any CPU
		{517887B0-0390-4608-94B2-9B2C8C791104}.Release|Any CPU.Build.0 = Release|Any CPU
	EndGlobalSection
	GlobalSection(SolutionProperties) = preSolution
		HideSolutionNode = FALSE
	EndGlobalSection
	GlobalSection(ExtensibilityGlobals) = postSolution
		SolutionGuid = {8C5C2949-E039-4FF8-83F2-FC6D4E81809A}
	EndGlobalSection
EndGlobal
