
Microsoft Visual Studio Solution File, Format Version 12.00
# Visual Studio Version 16
VisualStudioVersion = 16.0.30523.141
MinimumVisualStudioVersion = 10.0.40219.1
Project("{FAE04EC0-301F-11D3-BF4B-00C04F79EFBC}") = "VS2019_ExchangeSkin窗体换肤", "VS2019_ExchangeSkin窗体换肤.csproj", "{91001CE3-998C-45BC-A72B-7C76C02F74B2}"
EndProject
Global
	GlobalSection(SolutionConfigurationPlatforms) = preSolution
		Debug|Any CPU = Debug|Any CPU
		Release|Any CPU = Release|Any CPU
	EndGlobalSection
	GlobalSection(ProjectConfigurationPlatforms) = postSolution
		{91001CE3-998C-45BC-A72B-7C76C02F74B2}.Debug|Any CPU.ActiveCfg = Debug|Any CPU
		{91001CE3-998C-45BC-A72B-7C76C02F74B2}.Debug|Any CPU.Build.0 = Debug|Any CPU
		{91001CE3-998C-45BC-A72B-7C76C02F74B2}.Release|Any CPU.ActiveCfg = Release|Any CPU
		{91001CE3-998C-45BC-A72B-7C76C02F74B2}.Release|Any CPU.Build.0 = Release|Any CPU
	EndGlobalSection
	GlobalSection(SolutionProperties) = preSolution
		HideSolutionNode = FALSE
	EndGlobalSection
	GlobalSection(ExtensibilityGlobals) = postSolution
		SolutionGuid = {FE3A6010-3C62-42EA-BC37-0D181DC3DBF5}
	EndGlobalSection
EndGlobal
